
Microsoft Visual Studio Solution File, Format Version 12.00
# Visual Studio Version 17
VisualStudioVersion = 17.14.36301.6 d17.14
MinimumVisualStudioVersion = 10.0.40219.1
Project("{FAE04EC0-301F-11D3-BF4B-00C04F79EFBC}") = "MedicineApi", "MedicineApi.csproj", "{BEF664F5-EB75-4558-9E06-A35DB4090ACF}"
EndProject
Global
	GlobalSection(SolutionConfigurationPlatforms) = preSolution
		Debug|Any CPU = Debug|Any CPU
		Release|Any CPU = Release|Any CPU
	EndGlobalSection
	GlobalSection(ProjectConfigurationPlatforms) = postSolution
		{BEF664F5-EB75-4558-9E06-A35DB4090ACF}.Debug|Any CPU.ActiveCfg = Debug|Any CPU
		{BEF664F5-EB75-4558-9E06-A35DB4090ACF}.Debug|Any CPU.Build.0 = Debug|Any CPU
		{BEF664F5-EB75-4558-9E06-A35DB4090ACF}.Release|Any CPU.ActiveCfg = Release|Any CPU
		{BEF664F5-EB75-4558-9E06-A35DB4090ACF}.Release|Any CPU.Build.0 = Release|Any CPU
	EndGlobalSection
	GlobalSection(SolutionProperties) = preSolution
		HideSolutionNode = FALSE
	EndGlobalSection
	GlobalSection(ExtensibilityGlobals) = postSolution
		SolutionGuid = {C79C2BCC-AC31-417E-8DCC-BDCE6AD72904}
	EndGlobalSection
EndGlobal
